
Microsoft Visual Studio Solution File, Format Version 12.00
# Visual Studio 15
VisualStudioVersion = 15.0.26730.15
MinimumVisualStudioVersion = 10.0.40219.1
Project("{FAE04EC0-301F-11D3-BF4B-00C04F79EFBC}") = "ArithmeticProgressionSum", "ArithmeticProgressionSum\ArithmeticProgressionSum.csproj", "{3B415267-E7B0-47B2-BA03-DC8D5E59EB43}"
EndProject
Project("{FAE04EC0-301F-11D3-BF4B-00C04F79EFBC}") = "AverageAndMaxInArray", "AverageAndMaxInArray\AverageAndMaxInArray.csproj", "{9AA3313F-FDBD-4F23-922B-B6E748C64A1B}"
EndProject
Project("{FAE04EC0-301F-11D3-BF4B-00C04F79EFBC}") = "Converter", "Converter\Converter.csproj", "{34CE459C-A91F-43B6-A11D-4ED452987C00}"
EndProject
Project("{FAE04EC0-301F-11D3-BF4B-00C04F79EFBC}") = "Expression", "Expression\Expression.csproj", "{870C78D6-2F67-4E23-BF81-C6E4584F5A9F}"
EndProject
Project("{FAE04EC0-301F-11D3-BF4B-00C04F79EFBC}") = "FourthRootsCalculations", "FourthRootsCalculations\FourthRootsCalculations.csproj", "{DBA033F0-DB8A-47A0-B4DA-DD1FE2B92C7C}"
EndProject
Project("{FAE04EC0-301F-11D3-BF4B-00C04F79EFBC}") = "StudentsNames", "StudentsNames\StudentsNames.csproj", "{64F393EB-00D3-4C7A-8743-28679440D70A}"
EndProject
Project("{FAE04EC0-301F-11D3-BF4B-00C04F79EFBC}") = "SumRoots", "SumRoots\SumRoots.csproj", "{49FB7C99-9E61-4B90-A05C-B824527DC22A}"
EndProject
Global
	GlobalSection(SolutionConfigurationPlatforms) = preSolution
		Debug|Any CPU = Debug|Any CPU
		Release|Any CPU = Release|Any CPU
	EndGlobalSection
	GlobalSection(ProjectConfigurationPlatforms) = postSolution
		{3B415267-E7B0-47B2-BA03-DC8D5E59EB43}.Debug|Any CPU.ActiveCfg = Debug|Any CPU
		{3B415267-E7B0-47B2-BA03-DC8D5E59EB43}.Debug|Any CPU.Build.0 = Debug|Any CPU
		{3B415267-E7B0-47B2-BA03-DC8D5E59EB43}.Release|Any CPU.ActiveCfg = Release|Any CPU
		{3B415267-E7B0-47B2-BA03-DC8D5E59EB43}.Release|Any CPU.Build.0 = Release|Any CPU
		{9AA3313F-FDBD-4F23-922B-B6E748C64A1B}.Debug|Any CPU.ActiveCfg = Debug|Any CPU
		{9AA3313F-FDBD-4F23-922B-B6E748C64A1B}.Debug|Any CPU.Build.0 = Debug|Any CPU
		{9AA3313F-FDBD-4F23-922B-B6E748C64A1B}.Release|Any CPU.ActiveCfg = Release|Any CPU
		{9AA3313F-FDBD-4F23-922B-B6E748C64A1B}.Release|Any CPU.Build.0 = Release|Any CPU
		{34CE459C-A91F-43B6-A11D-4ED452987C00}.Debug|Any CPU.ActiveCfg = Debug|Any CPU
		{34CE459C-A91F-43B6-A11D-4ED452987C00}.Debug|Any CPU.Build.0 = Debug|Any CPU
		{34CE459C-A91F-43B6-A11D-4ED452987C00}.Release|Any CPU.ActiveCfg = Release|Any CPU
		{34CE459C-A91F-43B6-A11D-4ED452987C00}.Release|Any CPU.Build.0 = Release|Any CPU
		{870C78D6-2F67-4E23-BF81-C6E4584F5A9F}.Debug|Any CPU.ActiveCfg = Debug|Any CPU
		{870C78D6-2F67-4E23-BF81-C6E4584F5A9F}.Debug|Any CPU.Build.0 = Debug|Any CPU
		{870C78D6-2F67-4E23-BF81-C6E4584F5A9F}.Release|Any CPU.ActiveCfg = Release|Any CPU
		{870C78D6-2F67-4E23-BF81-C6E4584F5A9F}.Release|Any CPU.Build.0 = Release|Any CPU
		{DBA033F0-DB8A-47A0-B4DA-DD1FE2B92C7C}.Debug|Any CPU.ActiveCfg = Debug|Any CPU
		{DBA033F0-DB8A-47A0-B4DA-DD1FE2B92C7C}.Debug|Any CPU.Build.0 = Debug|Any CPU
		{DBA033F0-DB8A-47A0-B4DA-DD1FE2B92C7C}.Release|Any CPU.ActiveCfg = Release|Any CPU
		{DBA033F0-DB8A-47A0-B4DA-DD1FE2B92C7C}.Release|Any CPU.Build.0 = Release|Any CPU
		{64F393EB-00D3-4C7A-8743-28679440D70A}.Debug|Any CPU.ActiveCfg = Debug|Any CPU
		{64F393EB-00D3-4C7A-8743-28679440D70A}.Debug|Any CPU.Build.0 = Debug|Any CPU
		{64F393EB-00D3-4C7A-8743-28679440D70A}.Release|Any CPU.ActiveCfg = Release|Any CPU
		{64F393EB-00D3-4C7A-8743-28679440D70A}.Release|Any CPU.Build.0 = Release|Any CPU
		{49FB7C99-9E61-4B90-A05C-B824527DC22A}.Debug|Any CPU.ActiveCfg = Debug|Any CPU
		{49FB7C99-9E61-4B90-A05C-B824527DC22A}.Debug|Any CPU.Build.0 = Debug|Any CPU
		{49FB7C99-9E61-4B90-A05C-B824527DC22A}.Release|Any CPU.ActiveCfg = Release|Any CPU
		{49FB7C99-9E61-4B90-A05C-B824527DC22A}.Release|Any CPU.Build.0 = Release|Any CPU
	EndGlobalSection
	GlobalSection(SolutionProperties) = preSolution
		HideSolutionNode = FALSE
	EndGlobalSection
	GlobalSection(ExtensibilityGlobals) = postSolution
		SolutionGuid = {A201EC4A-103A-4C2D-BDEC-9F2D8FF95272}
	EndGlobalSection
EndGlobal
